{
  "version": 4,
  "terraform_version": "1.4.4",
  "serial": 257,
  "lineage": "cb1a4f02-4ee8-4aba-ba00-d8765e05beec",
  "outputs": {},
  "resources": [
    {
      "mode": "data",
      "type": "aws_iam_policy_document",
      "name": "allow_public_access",
      "provider": "provider[\"registry.terraform.io/hashicorp/aws\"]",
      "instances": [
        {
          "schema_version": 0,
          "attributes": {
            "id": "1881333711",
            "json": "{\n  \"Version\": \"2012-10-17\",\n  \"Statement\": [\n    {\n      \"Effect\": \"Allow\",\n      \"Action\": \"s3:GetObject\",\n      \"Resource\": \"arn:aws:s3:::gyminstructions789789/*\",\n      \"Principal\": \"*\"\n    }\n  ]\n}",
            "override_policy_documents": null,
            "policy_id": null,
            "source_policy_documents": null,
            "statement": [
              {
                "actions": [
                  "s3:GetObject"
                ],
                "condition": [],
                "effect": "Allow",
                "not_actions": [],
                "not_principals": [],
                "not_resources": [],
                "principals": [
                  {
                    "identifiers": [
                      "*"
                    ],
                    "type": "*"
                  }
                ],
                "resources": [
                  "arn:aws:s3:::gyminstructions789789/*"
                ],
                "sid": ""
              }
            ],
            "version": "2012-10-17"
          },
          "sensitive_attributes": []
        }
      ]
    },
    {
      "mode": "data",
      "type": "aws_iam_policy_document",
      "name": "lambda_assume_role_policy",
      "provider": "provider[\"registry.terraform.io/hashicorp/aws\"]",
      "instances": [
        {
          "schema_version": 0,
          "attributes": {
            "id": "1604711841",
            "json": "{\n  \"Version\": \"2012-10-17\",\n  \"Statement\": [\n    {\n      \"Effect\": \"Allow\",\n      \"Action\": \"sts:AssumeRole\",\n      \"Principal\": {\n        \"Service\": \"lambda.amazonaws.com\"\n      }\n    }\n  ]\n}",
            "override_policy_documents": null,
            "policy_id": null,
            "source_policy_documents": null,
            "statement": [
              {
                "actions": [
                  "sts:AssumeRole"
                ],
                "condition": [],
                "effect": "Allow",
                "not_actions": [],
                "not_principals": [],
                "not_resources": [],
                "principals": [
                  {
                    "identifiers": [
                      "lambda.amazonaws.com"
                    ],
                    "type": "Service"
                  }
                ],
                "resources": [],
                "sid": ""
              }
            ],
            "version": "2012-10-17"
          },
          "sensitive_attributes": []
        }
      ]
    },
    {
      "mode": "data",
      "type": "aws_iam_policy_document",
      "name": "state_machine_assume_role_policy",
      "provider": "provider[\"registry.terraform.io/hashicorp/aws\"]",
      "instances": [
        {
          "schema_version": 0,
          "attributes": {
            "id": "271985812",
            "json": "{\n  \"Version\": \"2012-10-17\",\n  \"Statement\": [\n    {\n      \"Effect\": \"Allow\",\n      \"Action\": \"sts:AssumeRole\",\n      \"Principal\": {\n        \"Service\": \"states.amazonaws.com\"\n      }\n    }\n  ]\n}",
            "override_policy_documents": null,
            "policy_id": null,
            "source_policy_documents": null,
            "statement": [
              {
                "actions": [
                  "sts:AssumeRole"
                ],
                "condition": [],
                "effect": "Allow",
                "not_actions": [],
                "not_principals": [],
                "not_resources": [],
                "principals": [
                  {
                    "identifiers": [
                      "states.amazonaws.com"
                    ],
                    "type": "Service"
                  }
                ],
                "resources": [],
                "sid": ""
              }
            ],
            "version": "2012-10-17"
          },
          "sensitive_attributes": []
        }
      ]
    },
    {
      "mode": "managed",
      "type": "aws_iam_policy",
      "name": "cloudwatchlogs",
      "provider": "provider[\"registry.terraform.io/hashicorp/aws\"]",
      "instances": [
        {
          "schema_version": 0,
          "attributes": {
            "arn": "arn:aws:iam::316712383850:policy/cloudwatchlogs",
            "description": "",
            "id": "arn:aws:iam::316712383850:policy/cloudwatchlogs",
            "name": "cloudwatchlogs",
            "name_prefix": "",
            "path": "/",
            "policy": "{\"Statement\":[{\"Action\":[\"logs:CreateLogGroup\",\"logs:CreateLogStream\",\"logs:PutLogEvents\"],\"Effect\":\"Allow\",\"Resource\":\"arn:aws:logs:*:*:*\"}],\"Version\":\"2012-10-17\"}",
            "policy_id": "ANPAUTPMHOVVJ5A37XA5Z",
            "tags": null,
            "tags_all": {}
          },
          "sensitive_attributes": [],
          "private": "bnVsbA=="
        }
      ]
    },
    {
      "mode": "managed",
      "type": "aws_iam_policy",
      "name": "cloudwatchlogs_state_machine",
      "provider": "provider[\"registry.terraform.io/hashicorp/aws\"]",
      "instances": [
        {
          "schema_version": 0,
          "attributes": {
            "arn": "arn:aws:iam::316712383850:policy/cloudwatchlogs_state_machine",
            "description": "",
            "id": "arn:aws:iam::316712383850:policy/cloudwatchlogs_state_machine",
            "name": "cloudwatchlogs_state_machine",
            "name_prefix": "",
            "path": "/",
            "policy": "{\"Statement\":[{\"Action\":[\"logs:CreateLogGroup\",\"logs:CreateLogStream\",\"logs:PutLogEvents\",\"logs:CreateLogDelivery\",\"logs:GetLogDelivery\",\"logs:UpdateLogDelivery\",\"logs:DeleteLogDelivery\",\"logs:ListLogDeliveries\",\"logs:PutResourcePolicy\",\"logs:DescribeResourcePolicies\",\"logs:DescribeLogGroups\"],\"Effect\":\"Allow\",\"Resource\":\"*\"}],\"Version\":\"2012-10-17\"}",
            "policy_id": "ANPAUTPMHOVVCUVRBVGNB",
            "tags": null,
            "tags_all": {}
          },
          "sensitive_attributes": [],
          "private": "bnVsbA=="
        }
      ]
    },
    {
      "mode": "managed",
      "type": "aws_iam_policy",
      "name": "invokelambdasandsendsns",
      "provider": "provider[\"registry.terraform.io/hashicorp/aws\"]",
      "instances": [
        {
          "schema_version": 0,
          "attributes": {
            "arn": "arn:aws:iam::316712383850:policy/invokelambdasandsendsns",
            "description": "",
            "id": "arn:aws:iam::316712383850:policy/invokelambdasandsendsns",
            "name": "invokelambdasandsendsns",
            "name_prefix": "",
            "path": "/",
            "policy": "{\"Statement\":[{\"Action\":[\"lambda:InvokeFunction\",\"sns:*\"],\"Effect\":\"Allow\",\"Resource\":\"*\"}],\"Version\":\"2012-10-17\"}",
            "policy_id": "ANPAUTPMHOVVADQQ5VRXO",
            "tags": null,
            "tags_all": {}
          },
          "sensitive_attributes": [],
          "private": "bnVsbA=="
        }
      ]
    },
    {
      "mode": "managed",
      "type": "aws_iam_policy",
      "name": "snsandsespermissions",
      "provider": "provider[\"registry.terraform.io/hashicorp/aws\"]",
      "instances": [
        {
          "schema_version": 0,
          "attributes": {
            "arn": "arn:aws:iam::316712383850:policy/snsandsespermissions",
            "description": "",
            "id": "arn:aws:iam::316712383850:policy/snsandsespermissions",
            "name": "snsandsespermissions",
            "name_prefix": "",
            "path": "/",
            "policy": "{\"Statement\":[{\"Action\":[\"ses:*\",\"sns:*\",\"states:*\"],\"Effect\":\"Allow\",\"Resource\":\"*\"}],\"Version\":\"2012-10-17\"}",
            "policy_id": "ANPAUTPMHOVVHLMUJMMI2",
            "tags": null,
            "tags_all": {}
          },
          "sensitive_attributes": [],
          "private": "bnVsbA=="
        }
      ]
    },
    {
      "mode": "managed",
      "type": "aws_iam_role",
      "name": "lambda_role",
      "provider": "provider[\"registry.terraform.io/hashicorp/aws\"]",
      "instances": [
        {
          "schema_version": 0,
          "attributes": {
            "arn": "arn:aws:iam::316712383850:role/lambda_role",
            "assume_role_policy": "{\"Statement\":[{\"Action\":\"sts:AssumeRole\",\"Effect\":\"Allow\",\"Principal\":{\"Service\":\"lambda.amazonaws.com\"}}],\"Version\":\"2012-10-17\"}",
            "create_date": "2023-06-15T11:33:11Z",
            "description": "",
            "force_detach_policies": false,
            "id": "lambda_role",
            "inline_policy": [],
            "managed_policy_arns": [
              "arn:aws:iam::316712383850:policy/cloudwatchlogs",
              "arn:aws:iam::316712383850:policy/snsandsespermissions"
            ],
            "max_session_duration": 3600,
            "name": "lambda_role",
            "name_prefix": "",
            "path": "/",
            "permissions_boundary": null,
            "tags": null,
            "tags_all": {},
            "unique_id": "AROAUTPMHOVVFYVAXKYQK"
          },
          "sensitive_attributes": [],
          "private": "bnVsbA==",
          "dependencies": [
            "aws_iam_policy.cloudwatchlogs",
            "aws_iam_policy.snsandsespermissions",
            "data.aws_iam_policy_document.lambda_assume_role_policy"
          ]
        }
      ]
    },
    {
      "mode": "managed",
      "type": "aws_iam_role",
      "name": "state_machine_role",
      "provider": "provider[\"registry.terraform.io/hashicorp/aws\"]",
      "instances": [
        {
          "schema_version": 0,
          "attributes": {
            "arn": "arn:aws:iam::316712383850:role/state_machine_role",
            "assume_role_policy": "{\"Statement\":[{\"Action\":\"sts:AssumeRole\",\"Effect\":\"Allow\",\"Principal\":{\"Service\":\"states.amazonaws.com\"}}],\"Version\":\"2012-10-17\"}",
            "create_date": "2023-06-15T11:33:11Z",
            "description": "",
            "force_detach_policies": false,
            "id": "state_machine_role",
            "inline_policy": [],
            "managed_policy_arns": [
              "arn:aws:iam::316712383850:policy/cloudwatchlogs_state_machine",
              "arn:aws:iam::316712383850:policy/invokelambdasandsendsns"
            ],
            "max_session_duration": 3600,
            "name": "state_machine_role",
            "name_prefix": "",
            "path": "/",
            "permissions_boundary": null,
            "tags": null,
            "tags_all": {},
            "unique_id": "AROAUTPMHOVVMYYJLC6XY"
          },
          "sensitive_attributes": [],
          "private": "bnVsbA==",
          "dependencies": [
            "aws_iam_policy.cloudwatchlogs_state_machine",
            "aws_iam_policy.invokelambdasandsendsns",
            "data.aws_iam_policy_document.state_machine_assume_role_policy"
          ]
        }
      ]
    },
    {
      "mode": "managed",
      "type": "aws_lambda_function",
      "name": "api_lambda",
      "provider": "provider[\"registry.terraform.io/hashicorp/aws\"]",
      "instances": [
        {
          "schema_version": 0,
          "attributes": {
            "architectures": [
              "x86_64"
            ],
            "arn": "arn:aws:lambda:us-east-1:316712383850:function:api_lambda",
            "code_signing_config_arn": "",
            "dead_letter_config": [],
            "description": "",
            "environment": [],
            "ephemeral_storage": [
              {
                "size": 512
              }
            ],
            "file_system_config": [],
            "filename": "C:\\Users\\user\\Desktop\\project_serverless\\api_lambda.zip",
            "function_name": "api_lambda",
            "handler": "lambda_function.lambda_handler",
            "id": "api_lambda",
            "image_config": [],
            "image_uri": "",
            "invoke_arn": "arn:aws:apigateway:us-east-1:lambda:path/2015-03-31/functions/arn:aws:lambda:us-east-1:316712383850:function:api_lambda/invocations",
            "kms_key_arn": "",
            "last_modified": "2023-06-15T11:33:29.581+0000",
            "layers": null,
            "memory_size": 128,
            "package_type": "Zip",
            "publish": false,
            "qualified_arn": "arn:aws:lambda:us-east-1:316712383850:function:api_lambda:$LATEST",
            "qualified_invoke_arn": "arn:aws:apigateway:us-east-1:lambda:path/2015-03-31/functions/arn:aws:lambda:us-east-1:316712383850:function:api_lambda:$LATEST/invocations",
            "replace_security_groups_on_destroy": null,
            "replacement_security_group_ids": null,
            "reserved_concurrent_executions": -1,
            "role": "arn:aws:iam::316712383850:role/lambda_role",
            "runtime": "python3.9",
            "s3_bucket": null,
            "s3_key": null,
            "s3_object_version": null,
            "signing_job_arn": "",
            "signing_profile_version_arn": "",
            "skip_destroy": false,
            "snap_start": [],
            "source_code_hash": "WdVm5QgAB93QPbBZ2PcGDLzA8O8HEmckDk3wTuat6/M=",
            "source_code_size": 803,
            "tags": null,
            "tags_all": {},
            "timeout": 3,
            "timeouts": null,
            "tracing_config": [
              {
                "mode": "PassThrough"
              }
            ],
            "version": "$LATEST",
            "vpc_config": []
          },
          "sensitive_attributes": [],
          "private": "eyJlMmJmYjczMC1lY2FhLTExZTYtOGY4OC0zNDM2M2JjN2M0YzAiOnsiY3JlYXRlIjo2MDAwMDAwMDAwMDAsImRlbGV0ZSI6NjAwMDAwMDAwMDAwLCJ1cGRhdGUiOjYwMDAwMDAwMDAwMH19",
          "dependencies": [
            "aws_iam_policy.cloudwatchlogs",
            "aws_iam_policy.cloudwatchlogs_state_machine",
            "aws_iam_policy.invokelambdasandsendsns",
            "aws_iam_policy.snsandsespermissions",
            "aws_iam_role.lambda_role",
            "aws_iam_role.state_machine_role",
            "aws_lambda_function.email_reminder_lambda",
            "aws_sfn_state_machine.MyStateMachine",
            "data.aws_iam_policy_document.lambda_assume_role_policy",
            "data.aws_iam_policy_document.state_machine_assume_role_policy"
          ]
        }
      ]
    },
    {
      "mode": "managed",
      "type": "aws_lambda_function",
      "name": "email_reminder_lambda",
      "provider": "provider[\"registry.terraform.io/hashicorp/aws\"]",
      "instances": [
        {
          "schema_version": 0,
          "attributes": {
            "architectures": [
              "x86_64"
            ],
            "arn": "arn:aws:lambda:us-east-1:316712383850:function:email_reminder_lambda",
            "code_signing_config_arn": "",
            "dead_letter_config": [],
            "description": "",
            "environment": [],
            "ephemeral_storage": [
              {
                "size": 512
              }
            ],
            "file_system_config": [],
            "filename": "C:\\Users\\user\\Desktop\\project_serverless\\email_reminder_lambda.zip",
            "function_name": "email_reminder_lambda",
            "handler": "lambda_function.lambda_handler",
            "id": "email_reminder_lambda",
            "image_config": [],
            "image_uri": "",
            "invoke_arn": "arn:aws:apigateway:us-east-1:lambda:path/2015-03-31/functions/arn:aws:lambda:us-east-1:316712383850:function:email_reminder_lambda/invocations",
            "kms_key_arn": "",
            "last_modified": "2023-06-15T11:33:22.051+0000",
            "layers": null,
            "memory_size": 128,
            "package_type": "Zip",
            "publish": false,
            "qualified_arn": "arn:aws:lambda:us-east-1:316712383850:function:email_reminder_lambda:$LATEST",
            "qualified_invoke_arn": "arn:aws:apigateway:us-east-1:lambda:path/2015-03-31/functions/arn:aws:lambda:us-east-1:316712383850:function:email_reminder_lambda:$LATEST/invocations",
            "replace_security_groups_on_destroy": null,
            "replacement_security_group_ids": null,
            "reserved_concurrent_executions": -1,
            "role": "arn:aws:iam::316712383850:role/lambda_role",
            "runtime": "python3.9",
            "s3_bucket": null,
            "s3_key": null,
            "s3_object_version": null,
            "signing_job_arn": "",
            "signing_profile_version_arn": "",
            "skip_destroy": false,
            "snap_start": [],
            "source_code_hash": "WIttuiN9gzjZv1J7liKLSnfO3bTy3ptjTMhp0oJbJl4=",
            "source_code_size": 467,
            "tags": null,
            "tags_all": {},
            "timeout": 3,
            "timeouts": null,
            "tracing_config": [
              {
                "mode": "PassThrough"
              }
            ],
            "version": "$LATEST",
            "vpc_config": []
          },
          "sensitive_attributes": [],
          "private": "eyJlMmJmYjczMC1lY2FhLTExZTYtOGY4OC0zNDM2M2JjN2M0YzAiOnsiY3JlYXRlIjo2MDAwMDAwMDAwMDAsImRlbGV0ZSI6NjAwMDAwMDAwMDAwLCJ1cGRhdGUiOjYwMDAwMDAwMDAwMH19",
          "dependencies": [
            "aws_iam_policy.cloudwatchlogs",
            "aws_iam_policy.snsandsespermissions",
            "aws_iam_role.lambda_role",
            "data.aws_iam_policy_document.lambda_assume_role_policy"
          ]
        }
      ]
    },
    {
      "mode": "managed",
      "type": "aws_s3_bucket",
      "name": "gyminstructions789789",
      "provider": "provider[\"registry.terraform.io/hashicorp/aws\"]",
      "instances": [
        {
          "schema_version": 0,
          "attributes": {
            "acceleration_status": "",
            "acl": null,
            "arn": "arn:aws:s3:::gyminstructions789789",
            "bucket": "gyminstructions789789",
            "bucket_domain_name": "gyminstructions789789.s3.amazonaws.com",
            "bucket_prefix": "",
            "bucket_regional_domain_name": "gyminstructions789789.s3.us-east-1.amazonaws.com",
            "cors_rule": [],
            "force_destroy": false,
            "grant": [
              {
                "id": "8c9ec2138d56f75585bf04995f5b881789f3aae07450bc06fc6211a03312a415",
                "permissions": [
                  "FULL_CONTROL"
                ],
                "type": "CanonicalUser",
                "uri": ""
              }
            ],
            "hosted_zone_id": "Z3AQBSTGFYJSTF",
            "id": "gyminstructions789789",
            "lifecycle_rule": [],
            "logging": [],
            "object_lock_configuration": [],
            "object_lock_enabled": false,
            "policy": "",
            "region": "us-east-1",
            "replication_configuration": [],
            "request_payer": "BucketOwner",
            "server_side_encryption_configuration": [
              {
                "rule": [
                  {
                    "apply_server_side_encryption_by_default": [
                      {
                        "kms_master_key_id": "",
                        "sse_algorithm": "AES256"
                      }
                    ],
                    "bucket_key_enabled": false
                  }
                ]
              }
            ],
            "tags": null,
            "tags_all": {},
            "timeouts": null,
            "versioning": [
              {
                "enabled": false,
                "mfa_delete": false
              }
            ],
            "website": [],
            "website_domain": null,
            "website_endpoint": null
          },
          "sensitive_attributes": [],
          "private": "eyJlMmJmYjczMC1lY2FhLTExZTYtOGY4OC0zNDM2M2JjN2M0YzAiOnsiY3JlYXRlIjoxMjAwMDAwMDAwMDAwLCJkZWxldGUiOjM2MDAwMDAwMDAwMDAsInJlYWQiOjEyMDAwMDAwMDAwMDAsInVwZGF0ZSI6MTIwMDAwMDAwMDAwMH19"
        }
      ]
    },
    {
      "mode": "managed",
      "type": "aws_s3_bucket_policy",
      "name": "allow_public_access",
      "provider": "provider[\"registry.terraform.io/hashicorp/aws\"]",
      "instances": [
        {
          "schema_version": 0,
          "attributes": {
            "bucket": "gyminstructions789789",
            "id": "gyminstructions789789",
            "policy": "{\"Statement\":[{\"Action\":\"s3:GetObject\",\"Effect\":\"Allow\",\"Principal\":\"*\",\"Resource\":\"arn:aws:s3:::gyminstructions789789/*\"}],\"Version\":\"2012-10-17\"}"
          },
          "sensitive_attributes": [],
          "private": "bnVsbA==",
          "dependencies": [
            "aws_s3_bucket.gyminstructions789789",
            "data.aws_iam_policy_document.allow_public_access"
          ]
        }
      ]
    },
    {
      "mode": "managed",
      "type": "aws_s3_bucket_public_access_block",
      "name": "remove_block_all_public_access",
      "provider": "provider[\"registry.terraform.io/hashicorp/aws\"]",
      "instances": [
        {
          "schema_version": 0,
          "attributes": {
            "block_public_acls": false,
            "block_public_policy": false,
            "bucket": "gyminstructions789789",
            "id": "gyminstructions789789",
            "ignore_public_acls": false,
            "restrict_public_buckets": false
          },
          "sensitive_attributes": [],
          "private": "bnVsbA==",
          "dependencies": [
            "aws_s3_bucket.gyminstructions789789"
          ]
        }
      ]
    },
    {
      "mode": "managed",
      "type": "aws_s3_bucket_website_configuration",
      "name": "allow_static_website_hosting",
      "provider": "provider[\"registry.terraform.io/hashicorp/aws\"]",
      "instances": [
        {
          "schema_version": 0,
          "attributes": {
            "bucket": "gyminstructions789789",
            "error_document": [
              {
                "key": "index.html"
              }
            ],
            "expected_bucket_owner": "",
            "id": "gyminstructions789789",
            "index_document": [
              {
                "suffix": "index.html"
              }
            ],
            "redirect_all_requests_to": [],
            "routing_rule": [],
            "routing_rules": "",
            "website_domain": "s3-website-us-east-1.amazonaws.com",
            "website_endpoint": "gyminstructions789789.s3-website-us-east-1.amazonaws.com"
          },
          "sensitive_attributes": [],
          "private": "bnVsbA==",
          "dependencies": [
            "aws_s3_bucket.gyminstructions789789"
          ]
        }
      ]
    },
    {
      "mode": "managed",
      "type": "aws_sfn_state_machine",
      "name": "MyStateMachine",
      "provider": "provider[\"registry.terraform.io/hashicorp/aws\"]",
      "instances": [
        {
          "schema_version": 0,
          "attributes": {
            "arn": "arn:aws:states:us-east-1:316712383850:stateMachine:MyStateMachine",
            "creation_date": "2023-06-15T11:33:28Z",
            "definition": "{\r\n  \"Comment\": \"A Hello World example of the Amazon States Language using an AWS Lambda Function\",\r\n  \"StartAt\": \"Timer\",\r\n  \"States\": {\r\n    \"Timer\": {\r\n      \"Type\": \"Wait\",\r\n      \"SecondsPath\": \"$.waitSeconds\",\r\n      \"Next\": \"Email\"\r\n    },\r\n    \"Email\": {\r\n      \"Type\" : \"Task\",\r\n      \"Resource\": \"arn:aws:states:::lambda:invoke\",\r\n      \"Parameters\": {\r\n        \"FunctionName\": \"arn:aws:lambda:us-east-1:316712383850:function:email_reminder_lambda\",\r\n        \"Payload\": {\r\n          \"Input.$\": \"$\"\r\n        }\r\n      },\r\n      \"Next\": \"NextState\"\r\n    },\r\n    \"NextState\": {\r\n      \"Type\": \"Pass\",\r\n      \"End\": true\r\n    }\r\n  }\r\n}\r\n",
            "id": "arn:aws:states:us-east-1:316712383850:stateMachine:MyStateMachine",
            "logging_configuration": [
              {
                "include_execution_data": false,
                "level": "OFF",
                "log_destination": ""
              }
            ],
            "name": "MyStateMachine",
            "name_prefix": "",
            "role_arn": "arn:aws:iam::316712383850:role/state_machine_role",
            "status": "ACTIVE",
            "tags": null,
            "tags_all": {},
            "timeouts": null,
            "tracing_configuration": [
              {
                "enabled": false
              }
            ],
            "type": "STANDARD"
          },
          "sensitive_attributes": [],
          "private": "eyJlMmJmYjczMC1lY2FhLTExZTYtOGY4OC0zNDM2M2JjN2M0YzAiOnsiY3JlYXRlIjozMDAwMDAwMDAwMDAsImRlbGV0ZSI6MzAwMDAwMDAwMDAwLCJ1cGRhdGUiOjYwMDAwMDAwMDAwfX0=",
          "dependencies": [
            "aws_iam_policy.cloudwatchlogs",
            "aws_iam_policy.cloudwatchlogs_state_machine",
            "aws_iam_policy.invokelambdasandsendsns",
            "aws_iam_policy.snsandsespermissions",
            "aws_iam_role.lambda_role",
            "aws_iam_role.state_machine_role",
            "aws_lambda_function.email_reminder_lambda",
            "data.aws_iam_policy_document.lambda_assume_role_policy",
            "data.aws_iam_policy_document.state_machine_assume_role_policy"
          ]
        }
      ]
    }
  ],
  "check_results": null
}
